
Microsoft Visual Studio Solution File, Format Version 12.00
# Visual Studio Version 16
VisualStudioVersion = 16.0.30711.63
MinimumVisualStudioVersion = 10.0.40219.1
Project("{FAE04EC0-301F-11D3-BF4B-00C04F79EFBC}") = "DomaciZ23", "DomaciZ23\DomaciZ23.csproj", "{1A580BA7-EE8B-494F-8CF5-6C55BD416C7D}"
EndProject
Global
	GlobalSection(SolutionConfigurationPlatforms) = preSolution
		Debug|Any CPU = Debug|Any CPU
		Release|Any CPU = Release|Any CPU
	EndGlobalSection
	GlobalSection(ProjectConfigurationPlatforms) = postSolution
		{1A580BA7-EE8B-494F-8CF5-6C55BD416C7D}.Debug|Any CPU.ActiveCfg = Debug|Any CPU
		{1A580BA7-EE8B-494F-8CF5-6C55BD416C7D}.Debug|Any CPU.Build.0 = Debug|Any CPU
		{1A580BA7-EE8B-494F-8CF5-6C55BD416C7D}.Release|Any CPU.ActiveCfg = Release|Any CPU
		{1A580BA7-EE8B-494F-8CF5-6C55BD416C7D}.Release|Any CPU.Build.0 = Release|Any CPU
	EndGlobalSection
	GlobalSection(SolutionProperties) = preSolution
		HideSolutionNode = FALSE
	EndGlobalSection
	GlobalSection(ExtensibilityGlobals) = postSolution
		SolutionGuid = {648DE8C3-283B-4D3D-9D4F-9C74D7058273}
	EndGlobalSection
EndGlobal
